<?xml version="1.0" encoding="utf-8"?>
<Project ToolsVersion="4.0" xmlns="http://schemas.microsoft.com/developer/msbuild/2003">
  <ItemGroup>
    <Filter Include="Source Files">
      <UniqueIdentifier>{1f10e8ea-63be-4db6-bfb3-10010ffbd473}</UniqueIdentifier>
      <Extensions>cpp;c;cxx;rc;def;r;odl;idl;hpj;bat</Extensions>
    </Filter>
    <Filter Include="Header Files">
      <UniqueIdentifier>{f59d4c44-8ae2-4c55-9f2a-0dfc79a9a997}</UniqueIdentifier>
      <Extensions>h;hpp;hxx;hm;inl</Extensions>
    </Filter>
    <Filter Include="Resource Files">
      <UniqueIdentifier>{1212bd24-7c3c-4aa1-b75a-066a9d334966}</UniqueIdentifier>
      <Extensions>ico;cur;bmp;dlg;rc2;rct;bin;rgs;gif;jpg;jpeg;jpe</Extensions>
    </Filter>
    <Filter Include="Utils">
      <UniqueIdentifier>{335f99f5-60e4-4ef8-a512-c84cf3e34c54}</UniqueIdentifier>
    </Filter>
  </ItemGroup>
  <ItemGroup>
    <ClCompile Include="StdAfx.cpp">
      <Filter>Source Files</Filter>
    </ClCompile>
    <ClCompile Include="XLDataExportClient.cpp">
      <Filter>Source Files</Filter>
    </ClCompile>
    <ClCompile Include="XLDataExportReceiver.cpp">
      <Filter>Source Files</Filter>
    </ClCompile>
    <ClCompile Include="..\..\NatusService\NatusDataServer.cpp">
      <Filter>Source Files</Filter>
    </ClCompile>
    <ClCompile Include="..\..\NatusService\NatusPackageInterface.cpp">
      <Filter>Source Files</Filter>
    </ClCompile>
  </ItemGroup>
  <ItemGroup>
    <None Include="XLDataExportClient.def">
      <Filter>Source Files</Filter>
    </None>
    <None Include="XLDataExportClientU.def">
      <Filter>Source Files</Filter>
    </None>
    <None Include="res\XLDataExportClient.rc2">
      <Filter>Resource Files</Filter>
    </None>
    <None Include="res\XLDataExportReceiver.rgs">
      <Filter>Resource Files</Filter>
    </None>
  </ItemGroup>
  <ItemGroup>
    <Midl Include="XLDataExportClient.idl">
      <Filter>Source Files</Filter>
    </Midl>
  </ItemGroup>
  <ItemGroup>
    <ResourceCompile Include="English\XLDataExportClient.rc">
      <Filter>Source Files</Filter>
    </ResourceCompile>
  </ItemGroup>
  <ItemGroup>
    <ClInclude Include="Resource.h">
      <Filter>Header Files</Filter>
    </ClInclude>
    <ClInclude Include="StdAfx.h">
      <Filter>Header Files</Filter>
    </ClInclude>
    <ClInclude Include="XLDataExportReceiver.h">
      <Filter>Header Files</Filter>
    </ClInclude>
    <ClInclude Include="Utils\binvariant.h">
      <Filter>Utils</Filter>
    </ClInclude>
    <ClInclude Include="Utils\XLTekStream.h">
      <Filter>Utils</Filter>
    </ClInclude>
    <ClInclude Include="Utils\XLTekString.h">
      <Filter>Utils</Filter>
    </ClInclude>
    <ClInclude Include="..\..\NatusService\NatusDataServer.h">
      <Filter>Header Files</Filter>
    </ClInclude>
    <ClInclude Include="..\..\NatusService\NatusPackageInterface.h">
      <Filter>Header Files</Filter>
    </ClInclude>
  </ItemGroup>
</Project>