
Microsoft Visual Studio Solution File, Format Version 12.00
# Visual Studio Version 16
VisualStudioVersion = 16.0.31727.386
MinimumVisualStudioVersion = 10.0.40219.1
Project("{8BC9CEB8-8B4A-11D0-8D11-00A0C91BC942}") = "Tester", "Tester\Tester.vcxproj", "{83AC4F47-2889-4F20-93C2-69DCA3874149}"
EndProject
Project("{8BC9CEB8-8B4A-11D0-8D11-00A0C91BC942}") = "XLDataExportClient_9.2", "DataExport_9.2\XLDataExportClient\XLDataExportClient.vcxproj", "{3A1A5170-704D-4AF4-8025-DB346E435DF2}"
EndProject
Global
	GlobalSection(SolutionConfigurationPlatforms) = preSolution
		Debug|Win32 = Debug|Win32
		Debug|x64 = Debug|x64
		DebugU|Win32 = DebugU|Win32
		DebugU|x64 = DebugU|x64
		Release|Win32 = Release|Win32
		Release|x64 = Release|x64
		ReleaseU|Win32 = ReleaseU|Win32
		ReleaseU|x64 = ReleaseU|x64
	EndGlobalSection
	GlobalSection(ProjectConfigurationPlatforms) = postSolution
		{83AC4F47-2889-4F20-93C2-69DCA3874149}.Debug|Win32.ActiveCfg = Debug|Win32
		{83AC4F47-2889-4F20-93C2-69DCA3874149}.Debug|Win32.Build.0 = Debug|Win32
		{83AC4F47-2889-4F20-93C2-69DCA3874149}.Debug|x64.ActiveCfg = Debug|x64
		{83AC4F47-2889-4F20-93C2-69DCA3874149}.Debug|x64.Build.0 = Debug|x64
		{83AC4F47-2889-4F20-93C2-69DCA3874149}.DebugU|Win32.ActiveCfg = Debug|Win32
		{83AC4F47-2889-4F20-93C2-69DCA3874149}.DebugU|Win32.Build.0 = Debug|Win32
		{83AC4F47-2889-4F20-93C2-69DCA3874149}.DebugU|x64.ActiveCfg = Debug|x64
		{83AC4F47-2889-4F20-93C2-69DCA3874149}.DebugU|x64.Build.0 = Debug|x64
		{83AC4F47-2889-4F20-93C2-69DCA3874149}.Release|Win32.ActiveCfg = Release|Win32
		{83AC4F47-2889-4F20-93C2-69DCA3874149}.Release|Win32.Build.0 = Release|Win32
		{83AC4F47-2889-4F20-93C2-69DCA3874149}.Release|x64.ActiveCfg = Release|x64
		{83AC4F47-2889-4F20-93C2-69DCA3874149}.Release|x64.Build.0 = Release|x64
		{83AC4F47-2889-4F20-93C2-69DCA3874149}.ReleaseU|Win32.ActiveCfg = Release|Win32
		{83AC4F47-2889-4F20-93C2-69DCA3874149}.ReleaseU|Win32.Build.0 = Release|Win32
		{83AC4F47-2889-4F20-93C2-69DCA3874149}.ReleaseU|x64.ActiveCfg = Release|x64
		{83AC4F47-2889-4F20-93C2-69DCA3874149}.ReleaseU|x64.Build.0 = Release|x64
		{3A1A5170-704D-4AF4-8025-DB346E435DF2}.Debug|Win32.ActiveCfg = Debug|Win32
		{3A1A5170-704D-4AF4-8025-DB346E435DF2}.Debug|Win32.Build.0 = Debug|Win32
		{3A1A5170-704D-4AF4-8025-DB346E435DF2}.Debug|x64.ActiveCfg = Debug|Win32
		{3A1A5170-704D-4AF4-8025-DB346E435DF2}.DebugU|Win32.ActiveCfg = DebugU|Win32
		{3A1A5170-704D-4AF4-8025-DB346E435DF2}.DebugU|Win32.Build.0 = DebugU|Win32
		{3A1A5170-704D-4AF4-8025-DB346E435DF2}.DebugU|x64.ActiveCfg = DebugU|Win32
		{3A1A5170-704D-4AF4-8025-DB346E435DF2}.Release|Win32.ActiveCfg = Release|Win32
		{3A1A5170-704D-4AF4-8025-DB346E435DF2}.Release|Win32.Build.0 = Release|Win32
		{3A1A5170-704D-4AF4-8025-DB346E435DF2}.Release|x64.ActiveCfg = Release|Win32
		{3A1A5170-704D-4AF4-8025-DB346E435DF2}.ReleaseU|Win32.ActiveCfg = ReleaseU|Win32
		{3A1A5170-704D-4AF4-8025-DB346E435DF2}.ReleaseU|Win32.Build.0 = ReleaseU|Win32
		{3A1A5170-704D-4AF4-8025-DB346E435DF2}.ReleaseU|x64.ActiveCfg = ReleaseU|Win32
	EndGlobalSection
	GlobalSection(SolutionProperties) = preSolution
		HideSolutionNode = FALSE
	EndGlobalSection
	GlobalSection(ExtensibilityGlobals) = postSolution
		SolutionGuid = {22BAAFEA-D2C5-448F-AB41-3D728C42A04E}
	EndGlobalSection
EndGlobal
