<?xml version="1.0" encoding="utf-8"?>
<Project ToolsVersion="4.0" xmlns="http://schemas.microsoft.com/developer/msbuild/2003">
  <ItemGroup>
    <Filter Include="Source Files">
      <UniqueIdentifier>{7a34e3a3-03a0-4dc4-8aeb-fbdad727bf2f}</UniqueIdentifier>
      <Extensions>cpp;c;cxx;rc;def;r;odl;idl;hpj;bat</Extensions>
    </Filter>
    <Filter Include="Header Files">
      <UniqueIdentifier>{ebcc11f8-c520-4a20-9b1f-884e007fc829}</UniqueIdentifier>
      <Extensions>h;hpp;hxx;hm;inl</Extensions>
    </Filter>
    <Filter Include="Resource Files">
      <UniqueIdentifier>{36c3dee2-cb37-43d5-8b49-e16cb501a297}</UniqueIdentifier>
      <Extensions>ico;cur;bmp;dlg;rc2;rct;bin;rgs;gif;jpg;jpeg;jpe</Extensions>
    </Filter>
    <Filter Include="Utils">
      <UniqueIdentifier>{eaa65ccb-19b4-4f8a-96b4-233a714957c4}</UniqueIdentifier>
    </Filter>
  </ItemGroup>
  <ItemGroup>
    <ClCompile Include="StdAfx.cpp">
      <Filter>Source Files</Filter>
    </ClCompile>
    <ClCompile Include="XLDataExportClient.cpp">
      <Filter>Source Files</Filter>
    </ClCompile>
    <ClCompile Include="XLDataExportReceiver.cpp">
      <Filter>Source Files</Filter>
    </ClCompile>
    <ClCompile Include="Utils\GuidUtil.cpp">
      <Filter>Utils</Filter>
    </ClCompile>
    <ClCompile Include="..\..\NatusService\NatusDataServer.cpp">
      <Filter>Source Files</Filter>
    </ClCompile>
    <ClCompile Include="..\..\NatusService\NatusPackageInterface.cpp">
      <Filter>Source Files</Filter>
    </ClCompile>
  </ItemGroup>
  <ItemGroup>
    <None Include="XLDataExportClient.def">
      <Filter>Source Files</Filter>
    </None>
    <None Include="XLDataExportClientU.def">
      <Filter>Source Files</Filter>
    </None>
    <None Include="res\XLDataExportClient.rc2">
      <Filter>Resource Files</Filter>
    </None>
    <None Include="res\XLDataExportReceiver.rgs">
      <Filter>Resource Files</Filter>
    </None>
  </ItemGroup>
  <ItemGroup>
    <Midl Include="XLDataExportClient.idl">
      <Filter>Source Files</Filter>
    </Midl>
  </ItemGroup>
  <ItemGroup>
    <ResourceCompile Include="English\XLDataExportClient.rc">
      <Filter>Source Files</Filter>
    </ResourceCompile>
  </ItemGroup>
  <ItemGroup>
    <ClInclude Include="Resource.h">
      <Filter>Header Files</Filter>
    </ClInclude>
    <ClInclude Include="StdAfx.h">
      <Filter>Header Files</Filter>
    </ClInclude>
    <ClInclude Include="XLDataExportReceiver.h">
      <Filter>Header Files</Filter>
    </ClInclude>
    <ClInclude Include="Utils\binvariant.h">
      <Filter>Utils</Filter>
    </ClInclude>
    <ClInclude Include="Utils\GuidUtil.h">
      <Filter>Utils</Filter>
    </ClInclude>
    <ClInclude Include="Utils\XLTekStream.h">
      <Filter>Utils</Filter>
    </ClInclude>
    <ClInclude Include="Utils\XLTekString.h">
      <Filter>Utils</Filter>
    </ClInclude>
    <ClInclude Include="..\..\NatusService\NatusDataServer.h">
      <Filter>Header Files</Filter>
    </ClInclude>
    <ClInclude Include="..\..\NatusService\NatusPackageInterface.h">
      <Filter>Header Files</Filter>
    </ClInclude>
  </ItemGroup>
</Project>